// !$*UTF8*$!
{
	archiveVersion = 1;
	classes = {
	};
	objectVersion = 48;
	objects = {

/* Begin PBXBuildFile section */
		103F41EC203D1F5C004B6DE3 /* AppDelegate.swift in Sources */ = {isa = PBXBuildFile; fileRef = 103F41EB203D1F5C004B6DE3 /* AppDelegate.swift */; };
		103F41EE203D1F5C004B6DE3 /* ViewController.swift in Sources */ = {isa = PBXBuildFile; fileRef = 103F41ED203D1F5C004B6DE3 /* ViewController.swift */; };
		103F41F1203D1F5C004B6DE3 /* Main.storyboard in Resources */ = {isa = PBXBuildFile; fileRef = 103F41EF203D1F5C004B6DE3 /* Main.storyboard */; };
		103F41F3203D1F5C004B6DE3 /* Assets.xcassets in Resources */ = {isa = PBXBuildFile; fileRef = 103F41F2203D1F5C004B6DE3 /* Assets.xcassets */; };
		103F41F6203D1F5C004B6DE3 /* LaunchScreen.storyboard in Resources */ = {isa = PBXBuildFile; fileRef = 103F41F4203D1F5C004B6DE3 /* LaunchScreen.storyboard */; };
		103F4201203D1F5D004B6DE3 /* CustomLoginScreenTests.swift in Sources */ = {isa = PBXBuildFile; fileRef = 103F4200203D1F5D004B6DE3 /* CustomLoginScreenTests.swift */; };
		103F420C203D1F5D004B6DE3 /* CustomLoginScreenUITests.swift in Sources */ = {isa = PBXBuildFile; fileRef = 103F420B203D1F5D004B6DE3 /* CustomLoginScreenUITests.swift */; };
/* End PBXBuildFile section */

/* Begin PBXContainerItemProxy section */
		103F41FD203D1F5D004B6DE3 /* PBXContainerItemProxy */ = {
			isa = PBXContainerItemProxy;
			containerPortal = 103F41E0203D1F5C004B6DE3 /* Project object */;
			proxyType = 1;
			remoteGlobalIDString = 103F41E7203D1F5C004B6DE3;
			remoteInfo = CustomLoginScreen;
		};
		103F4208203D1F5D004B6DE3 /* PBXContainerItemProxy */ = {
			isa = PBXContainerItemProxy;
			containerPortal = 103F41E0203D1F5C004B6DE3 /* Project object */;
			proxyType = 1;
			remoteGlobalIDString = 103F41E7203D1F5C004B6DE3;
			remoteInfo = CustomLoginScreen;
		};
/* End PBXContainerItemProxy section */

/* Begin PBXFileReference section */
		103F41E8203D1F5C004B6DE3 /* CustomLoginScreen.app */ = {isa = PBXFileReference; explicitFileType = wrapper.application; includeInIndex = 0; path = CustomLoginScreen.app; sourceTree = BUILT_PRODUCTS_DIR; };
		103F41EB203D1F5C004B6DE3 /* AppDelegate.swift */ = {isa = PBXFileReference; lastKnownFileType = sourcecode.swift; path = AppDelegate.swift; sourceTree = "<group>"; };
		103F41ED203D1F5C004B6DE3 /* ViewController.swift */ = {isa = PBXFileReference; lastKnownFileType = sourcecode.swift; path = ViewController.swift; sourceTree = "<group>"; };
		103F41F0203D1F5C004B6DE3 /* Base */ = {isa = PBXFileReference; lastKnownFileType = file.storyboard; name = Base; path = Base.lproj/Main.storyboard; sourceTree = "<group>"; };
		103F41F2203D1F5C004B6DE3 /* Assets.xcassets */ = {isa = PBXFileReference; lastKnownFileType = folder.assetcatalog; path = Assets.xcassets; sourceTree = "<group>"; };
		103F41F5203D1F5C004B6DE3 /* Base */ = {isa = PBXFileReference; lastKnownFileType = file.storyboard; name = Base; path = Base.lproj/LaunchScreen.storyboard; sourceTree = "<group>"; };
		103F41F7203D1F5D004B6DE3 /* Info.plist */ = {isa = PBXFileReference; lastKnownFileType = text.plist.xml; path = Info.plist; sourceTree = "<group>"; };
		103F41FC203D1F5D004B6DE3 /* CustomLoginScreenTests.xctest */ = {isa = PBXFileReference; explicitFileType = wrapper.cfbundle; includeInIndex = 0; path = CustomLoginScreenTests.xctest; sourceTree = BUILT_PRODUCTS_DIR; };
		103F4200203D1F5D004B6DE3 /* CustomLoginScreenTests.swift */ = {isa = PBXFileReference; lastKnownFileType = sourcecode.swift; path = CustomLoginScreenTests.swift; sourceTree = "<group>"; };
		103F4202203D1F5D004B6DE3 /* Info.plist */ = {isa = PBXFileReference; lastKnownFileType = text.plist.xml; path = Info.plist; sourceTree = "<group>"; };
		103F4207203D1F5D004B6DE3 /* CustomLoginScreenUITests.xctest */ = {isa = PBXFileReference; explicitFileType = wrapper.cfbundle; includeInIndex = 0; path = CustomLoginScreenUITests.xctest; sourceTree = BUILT_PRODUCTS_DIR; };
		103F420B203D1F5D004B6DE3 /* CustomLoginScreenUITests.swift */ = {isa = PBXFileReference; lastKnownFileType = sourcecode.swift; path = CustomLoginScreenUITests.swift; sourceTree = "<group>"; };
		103F420D203D1F5D004B6DE3 /* Info.plist */ = {isa = PBXFileReference; lastKnownFileType = text.plist.xml; path = Info.plist; sourceTree = "<group>"; };
/* End PBXFileReference section */

/* Begin PBXFrameworksBuildPhase section */
		103F41E5203D1F5C004B6DE3 /* Frameworks */ = {
			isa = PBXFrameworksBuildPhase;
			buildActionMask = 2147483647;
			files = (
			);
			runOnlyForDeploymentPostprocessing = 0;
		};
		103F41F9203D1F5D004B6DE3 /* Frameworks */ = {
			isa = PBXFrameworksBuildPhase;
			buildActionMask = 2147483647;
			files = (
			);
			runOnlyForDeploymentPostprocessing = 0;
		};
		103F4204203D1F5D004B6DE3 /* Frameworks */ = {
			isa = PBXFrameworksBuildPhase;
			buildActionMask = 2147483647;
			files = (
			);
			runOnlyForDeploymentPostprocessing = 0;
		};
/* End PBXFrameworksBuildPhase section */

/* Begin PBXGroup section */
		103F41DF203D1F5C004B6DE3 = {
			isa = PBXGroup;
			children = (
				103F41EA203D1F5C004B6DE3 /* CustomLoginScreen */,
				103F41FF203D1F5D004B6DE3 /* CustomLoginScreenTests */,
				103F420A203D1F5D004B6DE3 /* CustomLoginScreenUITests */,
				103F41E9203D1F5C004B6DE3 /* Products */,
			);
			sourceTree = "<group>";
		};
		103F41E9203D1F5C004B6DE3 /* Products */ = {
			isa = PBXGroup;
			children = (
				103F41E8203D1F5C004B6DE3 /* CustomLoginScreen.app */,
				103F41FC203D1F5D004B6DE3 /* CustomLoginScreenTests.xctest */,
				103F4207203D1F5D004B6DE3 /* CustomLoginScreenUITests.xctest */,
			);
			name = Products;
			sourceTree = "<group>";
		};
		103F41EA203D1F5C004B6DE3 /* CustomLoginScreen */ = {
			isa = PBXGroup;
			children = (
				103F41EB203D1F5C004B6DE3 /* AppDelegate.swift */,
				103F41ED203D1F5C004B6DE3 /* ViewController.swift */,
				103F41EF203D1F5C004B6DE3 /* Main.storyboard */,
				103F41F2203D1F5C004B6DE3 /* Assets.xcassets */,
				103F41F4203D1F5C004B6DE3 /* LaunchScreen.storyboard */,
				103F41F7203D1F5D004B6DE3 /* Info.plist */,
			);
			path = CustomLoginScreen;
			sourceTree = "<group>";
		};
		103F41FF203D1F5D004B6DE3 /* CustomLoginScreenTests */ = {
			isa = PBXGroup;
			children = (
				103F4200203D1F5D004B6DE3 /* CustomLoginScreenTests.swift */,
				103F4202203D1F5D004B6DE3 /* Info.plist */,
			);
			path = CustomLoginScreenTests;
			sourceTree = "<group>";
		};
		103F420A203D1F5D004B6DE3 /* CustomLoginScreenUITests */ = {
			isa = PBXGroup;
			children = (
				103F420B203D1F5D004B6DE3 /* CustomLoginScreenUITests.swift */,
				103F420D203D1F5D004B6DE3 /* Info.plist */,
			);
			path = CustomLoginScreenUITests;
			sourceTree = "<group>";
		};
/* End PBXGroup section */

/* Begin PBXNativeTarget section */
		103F41E7203D1F5C004B6DE3 /* CustomLoginScreen */ = {
			isa = PBXNativeTarget;
			buildConfigurationList = 103F4210203D1F5D004B6DE3 /* Build configuration list for PBXNativeTarget "CustomLoginScreen" */;
			buildPhases = (
				103F41E4203D1F5C004B6DE3 /* Sources */,
				103F41E5203D1F5C004B6DE3 /* Frameworks */,
				103F41E6203D1F5C004B6DE3 /* Resources */,
			);
			buildRules = (
			);
			dependencies = (
			);
			name = CustomLoginScreen;
			productName = CustomLoginScreen;
			productReference = 103F41E8203D1F5C004B6DE3 /* CustomLoginScreen.app */;
			productType = "com.apple.product-type.application";
		};
		103F41FB203D1F5D004B6DE3 /* CustomLoginScreenTests */ = {
			isa = PBXNativeTarget;
			buildConfigurationList = 103F4213203D1F5D004B6DE3 /* Build configuration list for PBXNativeTarget "CustomLoginScreenTests" */;
			buildPhases = (
				103F41F8203D1F5D004B6DE3 /* Sources */,
				103F41F9203D1F5D004B6DE3 /* Frameworks */,
				103F41FA203D1F5D004B6DE3 /* Resources */,
			);
			buildRules = (
			);
			dependencies = (
				103F41FE203D1F5D004B6DE3 /* PBXTargetDependency */,
			);
			name = CustomLoginScreenTests;
			productName = CustomLoginScreenTests;
			productReference = 103F41FC203D1F5D004B6DE3 /* CustomLoginScreenTests.xctest */;
			productType = "com.apple.product-type.bundle.unit-test";
		};
		103F4206203D1F5D004B6DE3 /* CustomLoginScreenUITests */ = {
			isa = PBXNativeTarget;
			buildConfigurationList = 103F4216203D1F5D004B6DE3 /* Build configuration list for PBXNativeTarget "CustomLoginScreenUITests" */;
			buildPhases = (
				103F4203203D1F5D004B6DE3 /* Sources */,
				103F4204203D1F5D004B6DE3 /* Frameworks */,
				103F4205203D1F5D004B6DE3 /* Resources */,
			);
			buildRules = (
			);
			dependencies = (
				103F4209203D1F5D004B6DE3 /* PBXTargetDependency */,
			);
			name = CustomLoginScreenUITests;
			productName = CustomLoginScreenUITests;
			productReference = 103F4207203D1F5D004B6DE3 /* CustomLoginScreenUITests.xctest */;
			productType = "com.apple.product-type.bundle.ui-testing";
		};
/* End PBXNativeTarget section */

/* Begin PBXProject section */
		103F41E0203D1F5C004B6DE3 /* Project object */ = {
			isa = PBXProject;
			attributes = {
				LastSwiftUpdateCheck = 0920;
				LastUpgradeCheck = 0920;
				ORGANIZATIONNAME = "Satish Boggarapu";
				TargetAttributes = {
					103F41E7203D1F5C004B6DE3 = {
						CreatedOnToolsVersion = 9.2;
						ProvisioningStyle = Automatic;
					};
					103F41FB203D1F5D004B6DE3 = {
						CreatedOnToolsVersion = 9.2;
						ProvisioningStyle = Automatic;
						TestTargetID = 103F41E7203D1F5C004B6DE3;
					};
					103F4206203D1F5D004B6DE3 = {
						CreatedOnToolsVersion = 9.2;
						ProvisioningStyle = Automatic;
						TestTargetID = 103F41E7203D1F5C004B6DE3;
					};
				};
			};
			buildConfigurationList = 103F41E3203D1F5C004B6DE3 /* Build configuration list for PBXProject "CustomLoginScreen" */;
			compatibilityVersion = "Xcode 8.0";
			developmentRegion = en;
			hasScannedForEncodings = 0;
			knownRegions = (
				en,
				Base,
			);
			mainGroup = 103F41DF203D1F5C004B6DE3;
			productRefGroup = 103F41E9203D1F5C004B6DE3 /* Products */;
			projectDirPath = "";
			projectRoot = "";
			targets = (
				103F41E7203D1F5C004B6DE3 /* CustomLoginScreen */,
				103F41FB203D1F5D004B6DE3 /* CustomLoginScreenTests */,
				103F4206203D1F5D004B6DE3 /* CustomLoginScreenUITests */,
			);
		};
/* End PBXProject section */

/* Begin PBXResourcesBuildPhase section */
		103F41E6203D1F5C004B6DE3 /* Resources */ = {
			isa = PBXResourcesBuildPhase;
			buildActionMask = 2147483647;
			files = (
				103F41F6203D1F5C004B6DE3 /* LaunchScreen.storyboard in Resources */,
				103F41F3203D1F5C004B6DE3 /* Assets.xcassets in Resources */,
				103F41F1203D1F5C004B6DE3 /* Main.storyboard in Resources */,
			);
			runOnlyForDeploymentPostprocessing = 0;
		};
		103F41FA203D1F5D004B6DE3 /* Resources */ = {
			isa = PBXResourcesBuildPhase;
			buildActionMask = 2147483647;
			files = (
			);
			runOnlyForDeploymentPostprocessing = 0;
		};
		103F4205203D1F5D004B6DE3 /* Resources */ = {
			isa = PBXResourcesBuildPhase;
			buildActionMask = 2147483647;
			files = (
			);
			runOnlyForDeploymentPostprocessing = 0;
		};
/* End PBXResourcesBuildPhase section */

/* Begin PBXSourcesBuildPhase section */
		103F41E4203D1F5C004B6DE3 /* Sources */ = {
			isa = PBXSourcesBuildPhase;
			buildActionMask = 2147483647;
			files = (
				103F41EE203D1F5C004B6DE3 /* ViewController.swift in Sources */,
				103F41EC203D1F5C004B6DE3 /* AppDelegate.swift in Sources */,
			);
			runOnlyForDeploymentPostprocessing = 0;
		};
		103F41F8203D1F5D004B6DE3 /* Sources */ = {
			isa = PBXSourcesBuildPhase;
			buildActionMask = 2147483647;
			files = (
				103F4201203D1F5D004B6DE3 /* CustomLoginScreenTests.swift in Sources */,
			);
			runOnlyForDeploymentPostprocessing = 0;
		};
		103F4203203D1F5D004B6DE3 /* Sources */ = {
			isa = PBXSourcesBuildPhase;
			buildActionMask = 2147483647;
			files = (
				103F420C203D1F5D004B6DE3 /* CustomLoginScreenUITests.swift in Sources */,
			);
			runOnlyForDeploymentPostprocessing = 0;
		};
/* End PBXSourcesBuildPhase section */

/* Begin PBXTargetDependency section */
		103F41FE203D1F5D004B6DE3 /* PBXTargetDependency */ = {
			isa = PBXTargetDependency;
			target = 103F41E7203D1F5C004B6DE3 /* CustomLoginScreen */;
			targetProxy = 103F41FD203D1F5D004B6DE3 /* PBXContainerItemProxy */;
		};
		103F4209203D1F5D004B6DE3 /* PBXTargetDependency */ = {
			isa = PBXTargetDependency;
			target = 103F41E7203D1F5C004B6DE3 /* CustomLoginScreen */;
			targetProxy = 103F4208203D1F5D004B6DE3 /* PBXContainerItemProxy */;
		};
/* End PBXTargetDependency section */

/* Begin PBXVariantGroup section */
		103F41EF203D1F5C004B6DE3 /* Main.storyboard */ = {
			isa = PBXVariantGroup;
			children = (
				103F41F0203D1F5C004B6DE3 /* Base */,
			);
			name = Main.storyboard;
			sourceTree = "<group>";
		};
		103F41F4203D1F5C004B6DE3 /* LaunchScreen.storyboard */ = {
			isa = PBXVariantGroup;
			children = (
				103F41F5203D1F5C004B6DE3 /* Base */,
			);
			name = LaunchScreen.storyboard;
			sourceTree = "<group>";
		};
/* End PBXVariantGroup section */

/* Begin XCBuildConfiguration section */
		103F420E203D1F5D004B6DE3 /* Debug */ = {
			isa = XCBuildConfiguration;
			buildSettings = {
				ALWAYS_SEARCH_USER_PATHS = NO;
				CLANG_ANALYZER_NONNULL = YES;
				CLANG_ANALYZER_NUMBER_OBJECT_CONVERSION = YES_AGGRESSIVE;
				CLANG_CXX_LANGUAGE_STANDARD = "gnu++14";
				CLANG_CXX_LIBRARY = "libc++";
				CLANG_ENABLE_MODULES = YES;
				CLANG_ENABLE_OBJC_ARC = YES;
				CLANG_WARN_BLOCK_CAPTURE_AUTORELEASING = YES;
				CLANG_WARN_BOOL_CONVERSION = YES;
				CLANG_WARN_COMMA = YES;
				CLANG_WARN_CONSTANT_CONVERSION = YES;
				CLANG_WARN_DIRECT_OBJC_ISA_USAGE = YES_ERROR;
				CLANG_WARN_DOCUMENTATION_COMMENTS = YES;
				CLANG_WARN_EMPTY_BODY = YES;
				CLANG_WARN_ENUM_CONVERSION = YES;
				CLANG_WARN_INFINITE_RECURSION = YES;
				CLANG_WARN_INT_CONVERSION = YES;
				CLANG_WARN_NON_LITERAL_NULL_CONVERSION = YES;
				CLANG_WARN_OBJC_LITERAL_CONVERSION = YES;
				CLANG_WARN_OBJC_ROOT_CLASS = YES_ERROR;
				CLANG_WARN_RANGE_LOOP_ANALYSIS = YES;
				CLANG_WARN_STRICT_PROTOTYPES = YES;
				CLANG_WARN_SUSPICIOUS_MOVE = YES;
				CLANG_WARN_UNGUARDED_AVAILABILITY = YES_AGGRESSIVE;
				CLANG_WARN_UNREACHABLE_CODE = YES;
				CLANG_WARN__DUPLICATE_METHOD_MATCH = YES;
				CODE_SIGN_IDENTITY = "iPhone Developer";
				COPY_PHASE_STRIP = NO;
				DEBUG_INFORMATION_FORMAT = dwarf;
				ENABLE_STRICT_OBJC_MSGSEND = YES;
				ENABLE_TESTABILITY = YES;
				GCC_C_LANGUAGE_STANDARD = gnu11;
				GCC_DYNAMIC_NO_PIC = NO;
				GCC_NO_COMMON_BLOCKS = YES;
				GCC_OPTIMIZATION_LEVEL = 0;
				GCC_PREPROCESSOR_DEFINITIONS = (
					"DEBUG=1",
					"$(inherited)",
				);
				GCC_WARN_64_TO_32_BIT_CONVERSION = YES;
				GCC_WARN_ABOUT_RETURN_TYPE = YES_ERROR;
				GCC_WARN_UNDECLARED_SELECTOR = YES;
				GCC_WARN_UNINITIALIZED_AUTOS = YES_AGGRESSIVE;
				GCC_WARN_UNUSED_FUNCTION = YES;
				GCC_WARN_UNUSED_VARIABLE = YES;
				IPHONEOS_DEPLOYMENT_TARGET = 11.2;
				MTL_ENABLE_DEBUG_INFO = YES;
				ONLY_ACTIVE_ARCH = YES;
				SDKROOT = iphoneos;
				SWIFT_ACTIVE_COMPILATION_CONDITIONS = DEBUG;
				SWIFT_OPTIMIZATION_LEVEL = "-Onone";
			};
			name = Debug;
		};
		103F420F203D1F5D004B6DE3 /* Release */ = {
			isa = XCBuildConfiguration;
			buildSettings = {
				ALWAYS_SEARCH_USER_PATHS = NO;
				CLANG_ANALYZER_NONNULL = YES;
				CLANG_ANALYZER_NUMBER_OBJECT_CONVERSION = YES_AGGRESSIVE;
				CLANG_CXX_LANGUAGE_STANDARD = "gnu++14";
				CLANG_CXX_LIBRARY = "libc++";
				CLANG_ENABLE_MODULES = YES;
				CLANG_ENABLE_OBJC_ARC = YES;
				CLANG_WARN_BLOCK_CAPTURE_AUTORELEASING = YES;
				CLANG_WARN_BOOL_CONVERSION = YES;
				CLANG_WARN_COMMA = YES;
				CLANG_WARN_CONSTANT_CONVERSION = YES;
				CLANG_WARN_DIRECT_OBJC_ISA_USAGE = YES_ERROR;
				CLANG_WARN_DOCUMENTATION_COMMENTS = YES;
				CLANG_WARN_EMPTY_BODY = YES;
				CLANG_WARN_ENUM_CONVERSION = YES;
				CLANG_WARN_INFINITE_RECURSION = YES;
				CLANG_WARN_INT_CONVERSION = YES;
				CLANG_WARN_NON_LITERAL_NULL_CONVERSION = YES;
				CLANG_WARN_OBJC_LITERAL_CONVERSION = YES;
				CLANG_WARN_OBJC_ROOT_CLASS = YES_ERROR;
				CLANG_WARN_RANGE_LOOP_ANALYSIS = YES;
				CLANG_WARN_STRICT_PROTOTYPES = YES;
				CLANG_WARN_SUSPICIOUS_MOVE = YES;
				CLANG_WARN_UNGUARDED_AVAILABILITY = YES_AGGRESSIVE;
				CLANG_WARN_UNREACHABLE_CODE = YES;
				CLANG_WARN__DUPLICATE_METHOD_MATCH = YES;
				CODE_SIGN_IDENTITY = "iPhone Developer";
				COPY_PHASE_STRIP = NO;
				DEBUG_INFORMATION_FORMAT = "dwarf-with-dsym";
				ENABLE_NS_ASSERTIONS = NO;
				ENABLE_STRICT_OBJC_MSGSEND = YES;
				GCC_C_LANGUAGE_STANDARD = gnu11;
				GCC_NO_COMMON_BLOCKS = YES;
				GCC_WARN_64_TO_32_BIT_CONVERSION = YES;
				GCC_WARN_ABOUT_RETURN_TYPE = YES_ERROR;
				GCC_WARN_UNDECLARED_SELECTOR = YES;
				GCC_WARN_UNINITIALIZED_AUTOS = YES_AGGRESSIVE;
				GCC_WARN_UNUSED_FUNCTION = YES;
				GCC_WARN_UNUSED_VARIABLE = YES;
				IPHONEOS_DEPLOYMENT_TARGET = 11.2;
				MTL_ENABLE_DEBUG_INFO = NO;
				SDKROOT = iphoneos;
				SWIFT_OPTIMIZATION_LEVEL = "-Owholemodule";
				VALIDATE_PRODUCT = YES;
			};
			name = Release;
		};
		103F4211203D1F5D004B6DE3 /* Debug */ = {
			isa = XCBuildConfiguration;
			buildSettings = {
				ASSETCATALOG_COMPILER_APPICON_NAME = AppIcon;
				CODE_SIGN_STYLE = Automatic;
				DEVELOPMENT_TEAM = TEGLEE3UYA;
				INFOPLIST_FILE = CustomLoginScreen/Info.plist;
				LD_RUNPATH_SEARCH_PATHS = "$(inherited) @executable_path/Frameworks";
				PRODUCT_BUNDLE_IDENTIFIER = satishboggarapu.CustomLoginScreen;
				PRODUCT_NAME = "$(TARGET_NAME)";
				SWIFT_VERSION = 4.0;
				TARGETED_DEVICE_FAMILY = "1,2";
			};
			name = Debug;
		};
		103F4212203D1F5D004B6DE3 /* Release */ = {
			isa = XCBuildConfiguration;
			buildSettings = {
				ASSETCATALOG_COMPILER_APPICON_NAME = AppIcon;
				CODE_SIGN_STYLE = Automatic;
				DEVELOPMENT_TEAM = TEGLEE3UYA;
				INFOPLIST_FILE = CustomLoginScreen/Info.plist;
				LD_RUNPATH_SEARCH_PATHS = "$(inherited) @executable_path/Frameworks";
				PRODUCT_BUNDLE_IDENTIFIER = satishboggarapu.CustomLoginScreen;
				PRODUCT_NAME = "$(TARGET_NAME)";
				SWIFT_VERSION = 4.0;
				TARGETED_DEVICE_FAMILY = "1,2";
			};
			name = Release;
		};
		103F4214203D1F5D004B6DE3 /* Debug */ = {
			isa = XCBuildConfiguration;
			buildSettings = {
				ALWAYS_EMBED_SWIFT_STANDARD_LIBRARIES = YES;
				BUNDLE_LOADER = "$(TEST_HOST)";
				CODE_SIGN_STYLE = Automatic;
				DEVELOPMENT_TEAM = TEGLEE3UYA;
				INFOPLIST_FILE = CustomLoginScreenTests/Info.plist;
				LD_RUNPATH_SEARCH_PATHS = "$(inherited) @executable_path/Frameworks @loader_path/Frameworks";
				PRODUCT_BUNDLE_IDENTIFIER = satishboggarapu.CustomLoginScreenTests;
				PRODUCT_NAME = "$(TARGET_NAME)";
				SWIFT_VERSION = 4.0;
				TARGETED_DEVICE_FAMILY = "1,2";
				TEST_HOST = "$(BUILT_PRODUCTS_DIR)/CustomLoginScreen.app/CustomLoginScreen";
			};
			name = Debug;
		};
		103F4215203D1F5D004B6DE3 /* Release */ = {
			isa = XCBuildConfiguration;
			buildSettings = {
				ALWAYS_EMBED_SWIFT_STANDARD_LIBRARIES = YES;
				BUNDLE_LOADER = "$(TEST_HOST)";
				CODE_SIGN_STYLE = Automatic;
				DEVELOPMENT_TEAM = TEGLEE3UYA;
				INFOPLIST_FILE = CustomLoginScreenTests/Info.plist;
				LD_RUNPATH_SEARCH_PATHS = "$(inherited) @executable_path/Frameworks @loader_path/Frameworks";
				PRODUCT_BUNDLE_IDENTIFIER = satishboggarapu.CustomLoginScreenTests;
				PRODUCT_NAME = "$(TARGET_NAME)";
				SWIFT_VERSION = 4.0;
				TARGETED_DEVICE_FAMILY = "1,2";
				TEST_HOST = "$(BUILT_PRODUCTS_DIR)/CustomLoginScreen.app/CustomLoginScreen";
			};
			name = Release;
		};
		103F4217203D1F5D004B6DE3 /* Debug */ = {
			isa = XCBuildConfiguration;
			buildSettings = {
				ALWAYS_EMBED_SWIFT_STANDARD_LIBRARIES = YES;
				CODE_SIGN_STYLE = Automatic;
				DEVELOPMENT_TEAM = TEGLEE3UYA;
				INFOPLIST_FILE = CustomLoginScreenUITests/Info.plist;
				LD_RUNPATH_SEARCH_PATHS = "$(inherited) @executable_path/Frameworks @loader_path/Frameworks";
				PRODUCT_BUNDLE_IDENTIFIER = satishboggarapu.CustomLoginScreenUITests;
				PRODUCT_NAME = "$(TARGET_NAME)";
				SWIFT_VERSION = 4.0;
				TARGETED_DEVICE_FAMILY = "1,2";
				TEST_TARGET_NAME = CustomLoginScreen;
			};
			name = Debug;
		};
		103F4218203D1F5D004B6DE3 /* Release */ = {
			isa = XCBuildConfiguration;
			buildSettings = {
				ALWAYS_EMBED_SWIFT_STANDARD_LIBRARIES = YES;
				CODE_SIGN_STYLE = Automatic;
				DEVELOPMENT_TEAM = TEGLEE3UYA;
				INFOPLIST_FILE = CustomLoginScreenUITests/Info.plist;
				LD_RUNPATH_SEARCH_PATHS = "$(inherited) @executable_path/Frameworks @loader_path/Frameworks";
				PRODUCT_BUNDLE_IDENTIFIER = satishboggarapu.CustomLoginScreenUITests;
				PRODUCT_NAME = "$(TARGET_NAME)";
				SWIFT_VERSION = 4.0;
				TARGETED_DEVICE_FAMILY = "1,2";
				TEST_TARGET_NAME = CustomLoginScreen;
			};
			name = Release;
		};
/* End XCBuildConfiguration section */

/* Begin XCConfigurationList section */
		103F41E3203D1F5C004B6DE3 /* Build configuration list for PBXProject "CustomLoginScreen" */ = {
			isa = XCConfigurationList;
			buildConfigurations = (
				103F420E203D1F5D004B6DE3 /* Debug */,
				103F420F203D1F5D004B6DE3 /* Release */,
			);
			defaultConfigurationIsVisible = 0;
			defaultConfigurationName = Release;
		};
		103F4210203D1F5D004B6DE3 /* Build configuration list for PBXNativeTarget "CustomLoginScreen" */ = {
			isa = XCConfigurationList;
			buildConfigurations = (
				103F4211203D1F5D004B6DE3 /* Debug */,
				103F4212203D1F5D004B6DE3 /* Release */,
			);
			defaultConfigurationIsVisible = 0;
			defaultConfigurationName = Release;
		};
		103F4213203D1F5D004B6DE3 /* Build configuration list for PBXNativeTarget "CustomLoginScreenTests" */ = {
			isa = XCConfigurationList;
			buildConfigurations = (
				103F4214203D1F5D004B6DE3 /* Debug */,
				103F4215203D1F5D004B6DE3 /* Release */,
			);
			defaultConfigurationIsVisible = 0;
			defaultConfigurationName = Release;
		};
		103F4216203D1F5D004B6DE3 /* Build configuration list for PBXNativeTarget "CustomLoginScreenUITests" */ = {
			isa = XCConfigurationList;
			buildConfigurations = (
				103F4217203D1F5D004B6DE3 /* Debug */,
				103F4218203D1F5D004B6DE3 /* Release */,
			);
			defaultConfigurationIsVisible = 0;
			defaultConfigurationName = Release;
		};
/* End XCConfigurationList section */
	};
	rootObject = 103F41E0203D1F5C004B6DE3 /* Project object */;
}
